// !$*UTF8*$!
{
	archiveVersion = 1;
	classes = {
	};
	objectVersion = 55;
	objects = {

/* Begin PBXBuildFile section */
		9601B4972944C7BD00C555C6 /* SizeClassesView.swift in Sources */ = {isa = PBXBuildFile; fileRef = 9601B4962944C7BD00C555C6 /* SizeClassesView.swift */; };
		9601B49929453EA700C555C6 /* ModifierView.swift in Sources */ = {isa = PBXBuildFile; fileRef = 9601B49829453EA700C555C6 /* ModifierView.swift */; };
		9601B49B2945485500C555C6 /* CallAndMessageView.swift in Sources */ = {isa = PBXBuildFile; fileRef = 9601B49A2945485500C555C6 /* CallAndMessageView.swift */; };
		9601B49D2945DE1200C555C6 /* ShowHideKeyboardView.swift in Sources */ = {isa = PBXBuildFile; fileRef = 9601B49C2945DE1200C555C6 /* ShowHideKeyboardView.swift */; };
		9601B4C029472F5D00C555C6 /* ModalLauncher.swift in Sources */ = {isa = PBXBuildFile; fileRef = 9601B4BF29472F5D00C555C6 /* ModalLauncher.swift */; };
		9601B4C229472F7000C555C6 /* ModalView.swift in Sources */ = {isa = PBXBuildFile; fileRef = 9601B4C129472F7000C555C6 /* ModalView.swift */; };
		9601B4C429478E1000C555C6 /* NavigationViewMain.swift in Sources */ = {isa = PBXBuildFile; fileRef = 9601B4C329478E1000C555C6 /* NavigationViewMain.swift */; };
		9601B4C7294791DB00C555C6 /* NavigationViewNext.swift in Sources */ = {isa = PBXBuildFile; fileRef = 9601B4C6294791DB00C555C6 /* NavigationViewNext.swift */; };
		9601B4C92947957600C555C6 /* NavigationViewThird.swift in Sources */ = {isa = PBXBuildFile; fileRef = 9601B4C82947957600C555C6 /* NavigationViewThird.swift */; };
		9601B4CB2947A91400C555C6 /* ToolbarSampleView.swift in Sources */ = {isa = PBXBuildFile; fileRef = 9601B4CA2947A91400C555C6 /* ToolbarSampleView.swift */; };
		9601B4CE2947BE5F00C555C6 /* Toolbar2ndView.swift in Sources */ = {isa = PBXBuildFile; fileRef = 9601B4CD2947BE5F00C555C6 /* Toolbar2ndView.swift */; };
		9601B4D02947C8C800C555C6 /* ToolBar3rdView.swift in Sources */ = {isa = PBXBuildFile; fileRef = 9601B4CF2947C8C800C555C6 /* ToolBar3rdView.swift */; };
		9609C35C2948B9D700CA0E93 /* TabViewMain.swift in Sources */ = {isa = PBXBuildFile; fileRef = 9609C35B2948B9D700CA0E93 /* TabViewMain.swift */; };
		9609C35E2948BA5500CA0E93 /* TabView2ndView.swift in Sources */ = {isa = PBXBuildFile; fileRef = 9609C35D2948BA5500CA0E93 /* TabView2ndView.swift */; };
		9609C3602948BA9500CA0E93 /* TabView3rdView.swift in Sources */ = {isa = PBXBuildFile; fileRef = 9609C35F2948BA9500CA0E93 /* TabView3rdView.swift */; };
		9609C3622948BB3100CA0E93 /* TabView1stView.swift in Sources */ = {isa = PBXBuildFile; fileRef = 9609C3612948BB3100CA0E93 /* TabView1stView.swift */; };
		9609C36529494F1D00CA0E93 /* ListMainView.swift in Sources */ = {isa = PBXBuildFile; fileRef = 9609C36429494F1D00CA0E93 /* ListMainView.swift */; };
		9609C36829494F6500CA0E93 /* Model.swift in Sources */ = {isa = PBXBuildFile; fileRef = 9609C36729494F6500CA0E93 /* Model.swift */; };
		9609C36A294A503D00CA0E93 /* DetailsView.swift in Sources */ = {isa = PBXBuildFile; fileRef = 9609C369294A503D00CA0E93 /* DetailsView.swift */; };
		9609C36D294A636800CA0E93 /* GridList.swift in Sources */ = {isa = PBXBuildFile; fileRef = 9609C36C294A636800CA0E93 /* GridList.swift */; };
		9609C373294D802B00CA0E93 /* StateSwiftUIView.swift in Sources */ = {isa = PBXBuildFile; fileRef = 9609C372294D802B00CA0E93 /* StateSwiftUIView.swift */; };
		9609C376294D967B00CA0E93 /* BindingView.swift in Sources */ = {isa = PBXBuildFile; fileRef = 9609C375294D967B00CA0E93 /* BindingView.swift */; };
		961DA6B027F9AC4D00A47A10 /* swiftuiplaygroundApp.swift in Sources */ = {isa = PBXBuildFile; fileRef = 961DA6AF27F9AC4D00A47A10 /* swiftuiplaygroundApp.swift */; };
		961DA6B227F9AC4D00A47A10 /* ContentView.swift in Sources */ = {isa = PBXBuildFile; fileRef = 961DA6B127F9AC4D00A47A10 /* ContentView.swift */; };
		961DA6B427F9AC4E00A47A10 /* Assets.xcassets in Resources */ = {isa = PBXBuildFile; fileRef = 961DA6B327F9AC4E00A47A10 /* Assets.xcassets */; };
		961DA6B727F9AC4E00A47A10 /* Preview Assets.xcassets in Resources */ = {isa = PBXBuildFile; fileRef = 961DA6B627F9AC4E00A47A10 /* Preview Assets.xcassets */; };
		961DA6BE27F9DF3000A47A10 /* TapCountView.swift in Sources */ = {isa = PBXBuildFile; fileRef = 961DA6BD27F9DF3000A47A10 /* TapCountView.swift */; };
		961DA6C027F9F87F00A47A10 /* TextFieldsView.swift in Sources */ = {isa = PBXBuildFile; fileRef = 961DA6BF27F9F87F00A47A10 /* TextFieldsView.swift */; };
		961DA6C327F9FEDA00A47A10 /* PickerWithList.swift in Sources */ = {isa = PBXBuildFile; fileRef = 961DA6C227F9FEDA00A47A10 /* PickerWithList.swift */; };
		961DA6C527FA136500A47A10 /* ReadinTextWithTextField.swift in Sources */ = {isa = PBXBuildFile; fileRef = 961DA6C427FA136500A47A10 /* ReadinTextWithTextField.swift */; };
		962D364E2959E22100162B0B /* ObservedStateObjectView.swift in Sources */ = {isa = PBXBuildFile; fileRef = 962D364D2959E22100162B0B /* ObservedStateObjectView.swift */; };
		962D36502959E23200162B0B /* Model1.swift in Sources */ = {isa = PBXBuildFile; fileRef = 962D364F2959E23200162B0B /* Model1.swift */; };
		962D3652295ABADE00162B0B /* SampleWithGrid.swift in Sources */ = {isa = PBXBuildFile; fileRef = 962D3651295ABADE00162B0B /* SampleWithGrid.swift */; };
		962D3655295ABC6500162B0B /* ModelColumns.swift in Sources */ = {isa = PBXBuildFile; fileRef = 962D3654295ABC6500162B0B /* ModelColumns.swift */; };
		962D3658295AC89400162B0B /* UserDefaultsSampleView.swift in Sources */ = {isa = PBXBuildFile; fileRef = 962D3657295AC89400162B0B /* UserDefaultsSampleView.swift */; };
		962D365B295BF2D300162B0B /* AlertSampleView.swift in Sources */ = {isa = PBXBuildFile; fileRef = 962D365A295BF2D300162B0B /* AlertSampleView.swift */; };
		962D36ED2965664E00162B0B /* DeviceCheckView.swift in Sources */ = {isa = PBXBuildFile; fileRef = 962D36EC2965664E00162B0B /* DeviceCheckView.swift */; };
/* End PBXBuildFile section */

/* Begin PBXFileReference section */
		9601B4962944C7BD00C555C6 /* SizeClassesView.swift */ = {isa = PBXFileReference; lastKnownFileType = sourcecode.swift; path = SizeClassesView.swift; sourceTree = "<group>"; };
		9601B49829453EA700C555C6 /* ModifierView.swift */ = {isa = PBXFileReference; lastKnownFileType = sourcecode.swift; path = ModifierView.swift; sourceTree = "<group>"; };
		9601B49A2945485500C555C6 /* CallAndMessageView.swift */ = {isa = PBXFileReference; lastKnownFileType = sourcecode.swift; path = CallAndMessageView.swift; sourceTree = "<group>"; };
		9601B49C2945DE1200C555C6 /* ShowHideKeyboardView.swift */ = {isa = PBXFileReference; lastKnownFileType = sourcecode.swift; path = ShowHideKeyboardView.swift; sourceTree = "<group>"; };
		9601B4BF29472F5D00C555C6 /* ModalLauncher.swift */ = {isa = PBXFileReference; lastKnownFileType = sourcecode.swift; path = ModalLauncher.swift; sourceTree = "<group>"; };
		9601B4C129472F7000C555C6 /* ModalView.swift */ = {isa = PBXFileReference; lastKnownFileType = sourcecode.swift; path = ModalView.swift; sourceTree = "<group>"; };
		9601B4C329478E1000C555C6 /* NavigationViewMain.swift */ = {isa = PBXFileReference; lastKnownFileType = sourcecode.swift; path = NavigationViewMain.swift; sourceTree = "<group>"; };
		9601B4C6294791DB00C555C6 /* NavigationViewNext.swift */ = {isa = PBXFileReference; lastKnownFileType = sourcecode.swift; path = NavigationViewNext.swift; sourceTree = "<group>"; };
		9601B4C82947957600C555C6 /* NavigationViewThird.swift */ = {isa = PBXFileReference; lastKnownFileType = sourcecode.swift; path = NavigationViewThird.swift; sourceTree = "<group>"; };
		9601B4CA2947A91400C555C6 /* ToolbarSampleView.swift */ = {isa = PBXFileReference; lastKnownFileType = sourcecode.swift; path = ToolbarSampleView.swift; sourceTree = "<group>"; };
		9601B4CD2947BE5F00C555C6 /* Toolbar2ndView.swift */ = {isa = PBXFileReference; lastKnownFileType = sourcecode.swift; path = Toolbar2ndView.swift; sourceTree = "<group>"; };
		9601B4CF2947C8C800C555C6 /* ToolBar3rdView.swift */ = {isa = PBXFileReference; lastKnownFileType = sourcecode.swift; path = ToolBar3rdView.swift; sourceTree = "<group>"; };
		9609C35B2948B9D700CA0E93 /* TabViewMain.swift */ = {isa = PBXFileReference; lastKnownFileType = sourcecode.swift; path = TabViewMain.swift; sourceTree = "<group>"; };
		9609C35D2948BA5500CA0E93 /* TabView2ndView.swift */ = {isa = PBXFileReference; lastKnownFileType = sourcecode.swift; path = TabView2ndView.swift; sourceTree = "<group>"; };
		9609C35F2948BA9500CA0E93 /* TabView3rdView.swift */ = {isa = PBXFileReference; lastKnownFileType = sourcecode.swift; path = TabView3rdView.swift; sourceTree = "<group>"; };
		9609C3612948BB3100CA0E93 /* TabView1stView.swift */ = {isa = PBXFileReference; lastKnownFileType = sourcecode.swift; path = TabView1stView.swift; sourceTree = "<group>"; };
		9609C36429494F1D00CA0E93 /* ListMainView.swift */ = {isa = PBXFileReference; lastKnownFileType = sourcecode.swift; path = ListMainView.swift; sourceTree = "<group>"; };
		9609C36729494F6500CA0E93 /* Model.swift */ = {isa = PBXFileReference; lastKnownFileType = sourcecode.swift; path = Model.swift; sourceTree = "<group>"; };
		9609C369294A503D00CA0E93 /* DetailsView.swift */ = {isa = PBXFileReference; lastKnownFileType = sourcecode.swift; path = DetailsView.swift; sourceTree = "<group>"; };
		9609C36C294A636800CA0E93 /* GridList.swift */ = {isa = PBXFileReference; lastKnownFileType = sourcecode.swift; path = GridList.swift; sourceTree = "<group>"; };
		9609C372294D802B00CA0E93 /* StateSwiftUIView.swift */ = {isa = PBXFileReference; lastKnownFileType = sourcecode.swift; path = StateSwiftUIView.swift; sourceTree = "<group>"; };
		9609C375294D967B00CA0E93 /* BindingView.swift */ = {isa = PBXFileReference; lastKnownFileType = sourcecode.swift; path = BindingView.swift; sourceTree = "<group>"; };
		961DA6AC27F9AC4D00A47A10 /* swiftuiplayground.app */ = {isa = PBXFileReference; explicitFileType = wrapper.application; includeInIndex = 0; path = swiftuiplayground.app; sourceTree = BUILT_PRODUCTS_DIR; };
		961DA6AF27F9AC4D00A47A10 /* swiftuiplaygroundApp.swift */ = {isa = PBXFileReference; lastKnownFileType = sourcecode.swift; path = swiftuiplaygroundApp.swift; sourceTree = "<group>"; };
		961DA6B127F9AC4D00A47A10 /* ContentView.swift */ = {isa = PBXFileReference; lastKnownFileType = sourcecode.swift; path = ContentView.swift; sourceTree = "<group>"; };
		961DA6B327F9AC4E00A47A10 /* Assets.xcassets */ = {isa = PBXFileReference; lastKnownFileType = folder.assetcatalog; path = Assets.xcassets; sourceTree = "<group>"; };
		961DA6B627F9AC4E00A47A10 /* Preview Assets.xcassets */ = {isa = PBXFileReference; lastKnownFileType = folder.assetcatalog; path = "Preview Assets.xcassets"; sourceTree = "<group>"; };
		961DA6BD27F9DF3000A47A10 /* TapCountView.swift */ = {isa = PBXFileReference; lastKnownFileType = sourcecode.swift; path = TapCountView.swift; sourceTree = "<group>"; };
		961DA6BF27F9F87F00A47A10 /* TextFieldsView.swift */ = {isa = PBXFileReference; lastKnownFileType = sourcecode.swift; path = TextFieldsView.swift; sourceTree = "<group>"; };
		961DA6C227F9FEDA00A47A10 /* PickerWithList.swift */ = {isa = PBXFileReference; lastKnownFileType = sourcecode.swift; path = PickerWithList.swift; sourceTree = "<group>"; };
		961DA6C427FA136500A47A10 /* ReadinTextWithTextField.swift */ = {isa = PBXFileReference; lastKnownFileType = sourcecode.swift; path = ReadinTextWithTextField.swift; sourceTree = "<group>"; };
		962D364D2959E22100162B0B /* ObservedStateObjectView.swift */ = {isa = PBXFileReference; lastKnownFileType = sourcecode.swift; path = ObservedStateObjectView.swift; sourceTree = "<group>"; };
		962D364F2959E23200162B0B /* Model1.swift */ = {isa = PBXFileReference; lastKnownFileType = sourcecode.swift; path = Model1.swift; sourceTree = "<group>"; };
		962D3651295ABADE00162B0B /* SampleWithGrid.swift */ = {isa = PBXFileReference; lastKnownFileType = sourcecode.swift; path = SampleWithGrid.swift; sourceTree = "<group>"; };
		962D3654295ABC6500162B0B /* ModelColumns.swift */ = {isa = PBXFileReference; lastKnownFileType = sourcecode.swift; path = ModelColumns.swift; sourceTree = "<group>"; };
		962D3657295AC89400162B0B /* UserDefaultsSampleView.swift */ = {isa = PBXFileReference; lastKnownFileType = sourcecode.swift; path = UserDefaultsSampleView.swift; sourceTree = "<group>"; };
		962D365A295BF2D300162B0B /* AlertSampleView.swift */ = {isa = PBXFileReference; lastKnownFileType = sourcecode.swift; path = AlertSampleView.swift; sourceTree = "<group>"; };
		962D36EC2965664E00162B0B /* DeviceCheckView.swift */ = {isa = PBXFileReference; lastKnownFileType = sourcecode.swift; path = DeviceCheckView.swift; sourceTree = "<group>"; };
/* End PBXFileReference section */

/* Begin PBXFrameworksBuildPhase section */
		961DA6A927F9AC4D00A47A10 /* Frameworks */ = {
			isa = PBXFrameworksBuildPhase;
			buildActionMask = 2147483647;
			files = (
			);
			runOnlyForDeploymentPostprocessing = 0;
		};
/* End PBXFrameworksBuildPhase section */

/* Begin PBXGroup section */
		9601B4BE2947260D00C555C6 /* modalView */ = {
			isa = PBXGroup;
			children = (
				9601B4BF29472F5D00C555C6 /* ModalLauncher.swift */,
				9601B4C129472F7000C555C6 /* ModalView.swift */,
			);
			path = modalView;
			sourceTree = "<group>";
		};
		9601B4C52947910100C555C6 /* Navigation */ = {
			isa = PBXGroup;
			children = (
				9601B4C329478E1000C555C6 /* NavigationViewMain.swift */,
				9601B4C6294791DB00C555C6 /* NavigationViewNext.swift */,
				9601B4C82947957600C555C6 /* NavigationViewThird.swift */,
			);
			path = Navigation;
			sourceTree = "<group>";
		};
		9601B4CC2947BD8D00C555C6 /* Toolbar */ = {
			isa = PBXGroup;
			children = (
				9601B4CA2947A91400C555C6 /* ToolbarSampleView.swift */,
				9601B4CD2947BE5F00C555C6 /* Toolbar2ndView.swift */,
				9601B4CF2947C8C800C555C6 /* ToolBar3rdView.swift */,
			);
			path = Toolbar;
			sourceTree = "<group>";
		};
		9609C35A2948B9C100CA0E93 /* TabView */ = {
			isa = PBXGroup;
			children = (
				9609C35B2948B9D700CA0E93 /* TabViewMain.swift */,
				9609C35D2948BA5500CA0E93 /* TabView2ndView.swift */,
				9609C35F2948BA9500CA0E93 /* TabView3rdView.swift */,
				9609C3612948BB3100CA0E93 /* TabView1stView.swift */,
			);
			path = TabView;
			sourceTree = "<group>";
		};
		9609C36329494EF900CA0E93 /* Lists */ = {
			isa = PBXGroup;
			children = (
				9609C36429494F1D00CA0E93 /* ListMainView.swift */,
				9609C369294A503D00CA0E93 /* DetailsView.swift */,
			);
			path = Lists;
			sourceTree = "<group>";
		};
		9609C36629494F3C00CA0E93 /* model */ = {
			isa = PBXGroup;
			children = (
				9609C36729494F6500CA0E93 /* Model.swift */,
			);
			path = model;
			sourceTree = "<group>";
		};
		9609C36B294A633B00CA0E93 /* Grids */ = {
			isa = PBXGroup;
			children = (
				9609C36C294A636800CA0E93 /* GridList.swift */,
			);
			path = Grids;
			sourceTree = "<group>";
		};
		9609C371294D801C00CA0E93 /* state */ = {
			isa = PBXGroup;
			children = (
				9609C372294D802B00CA0E93 /* StateSwiftUIView.swift */,
			);
			path = state;
			sourceTree = "<group>";
		};
		9609C374294D965500CA0E93 /* Binding */ = {
			isa = PBXGroup;
			children = (
				9609C375294D967B00CA0E93 /* BindingView.swift */,
			);
			path = Binding;
			sourceTree = "<group>";
		};
		961DA6A327F9AC4D00A47A10 = {
			isa = PBXGroup;
			children = (
				961DA6AE27F9AC4D00A47A10 /* swiftuiplayground */,
				961DA6AD27F9AC4D00A47A10 /* Products */,
			);
			sourceTree = "<group>";
		};
		961DA6AD27F9AC4D00A47A10 /* Products */ = {
			isa = PBXGroup;
			children = (
				961DA6AC27F9AC4D00A47A10 /* swiftuiplayground.app */,
			);
			name = Products;
			sourceTree = "<group>";
		};
		961DA6AE27F9AC4D00A47A10 /* swiftuiplayground */ = {
			isa = PBXGroup;
			children = (
				9609C36629494F3C00CA0E93 /* model */,
				961DA6C127F9F88A00A47A10 /* view */,
				961DA6AF27F9AC4D00A47A10 /* swiftuiplaygroundApp.swift */,
				961DA6B327F9AC4E00A47A10 /* Assets.xcassets */,
				961DA6B527F9AC4E00A47A10 /* Preview Content */,
			);
			path = swiftuiplayground;
			sourceTree = "<group>";
		};
		961DA6B527F9AC4E00A47A10 /* Preview Content */ = {
			isa = PBXGroup;
			children = (
				961DA6B627F9AC4E00A47A10 /* Preview Assets.xcassets */,
			);
			path = "Preview Content";
			sourceTree = "<group>";
		};
		961DA6C127F9F88A00A47A10 /* view */ = {
			isa = PBXGroup;
			children = (
				962D36EB2965661000162B0B /* iphone-ipad-detection */,
				962D3659295BF2BB00162B0B /* alert */,
				962D3656295AC42800162B0B /* UserDefaults_persistence */,
				962D364C2959DECA00162B0B /* ObservedObject_And_StateObject */,
				9609C374294D965500CA0E93 /* Binding */,
				9609C371294D801C00CA0E93 /* state */,
				9609C36B294A633B00CA0E93 /* Grids */,
				9609C36329494EF900CA0E93 /* Lists */,
				9609C35A2948B9C100CA0E93 /* TabView */,
				9601B4CC2947BD8D00C555C6 /* Toolbar */,
				9601B4C52947910100C555C6 /* Navigation */,
				9601B4BE2947260D00C555C6 /* modalView */,
				961DA6BF27F9F87F00A47A10 /* TextFieldsView.swift */,
				961DA6BD27F9DF3000A47A10 /* TapCountView.swift */,
				961DA6B127F9AC4D00A47A10 /* ContentView.swift */,
				961DA6C227F9FEDA00A47A10 /* PickerWithList.swift */,
				961DA6C427FA136500A47A10 /* ReadinTextWithTextField.swift */,
				9601B4962944C7BD00C555C6 /* SizeClassesView.swift */,
				9601B49829453EA700C555C6 /* ModifierView.swift */,
				9601B49A2945485500C555C6 /* CallAndMessageView.swift */,
				9601B49C2945DE1200C555C6 /* ShowHideKeyboardView.swift */,
			);
			path = view;
			sourceTree = "<group>";
		};
		962D364C2959DECA00162B0B /* ObservedObject_And_StateObject */ = {
			isa = PBXGroup;
			children = (
				962D3653295ABC3E00162B0B /* sampleWithGridsAndToolbar */,
				962D364D2959E22100162B0B /* ObservedStateObjectView.swift */,
				962D364F2959E23200162B0B /* Model1.swift */,
			);
			path = ObservedObject_And_StateObject;
			sourceTree = "<group>";
		};
		962D3653295ABC3E00162B0B /* sampleWithGridsAndToolbar */ = {
			isa = PBXGroup;
			children = (
				962D3651295ABADE00162B0B /* SampleWithGrid.swift */,
				962D3654295ABC6500162B0B /* ModelColumns.swift */,
			);
			path = sampleWithGridsAndToolbar;
			sourceTree = "<group>";
		};
		962D3656295AC42800162B0B /* UserDefaults_persistence */ = {
			isa = PBXGroup;
			children = (
				962D3657295AC89400162B0B /* UserDefaultsSampleView.swift */,
			);
			path = UserDefaults_persistence;
			sourceTree = "<group>";
		};
		962D3659295BF2BB00162B0B /* alert */ = {
			isa = PBXGroup;
			children = (
				962D365A295BF2D300162B0B /* AlertSampleView.swift */,
			);
			path = alert;
			sourceTree = "<group>";
		};
		962D36EB2965661000162B0B /* iphone-ipad-detection */ = {
			isa = PBXGroup;
			children = (
				962D36EC2965664E00162B0B /* DeviceCheckView.swift */,
			);
			path = "iphone-ipad-detection";
			sourceTree = "<group>";
		};
/* End PBXGroup section */

/* Begin PBXNativeTarget section */
		961DA6AB27F9AC4D00A47A10 /* swiftuiplayground */ = {
			isa = PBXNativeTarget;
			buildConfigurationList = 961DA6BA27F9AC4E00A47A10 /* Build configuration list for PBXNativeTarget "swiftuiplayground" */;
			buildPhases = (
				961DA6A827F9AC4D00A47A10 /* Sources */,
				961DA6A927F9AC4D00A47A10 /* Frameworks */,
				961DA6AA27F9AC4D00A47A10 /* Resources */,
			);
			buildRules = (
			);
			dependencies = (
			);
			name = swiftuiplayground;
			productName = swiftuiplayground;
			productReference = 961DA6AC27F9AC4D00A47A10 /* swiftuiplayground.app */;
			productType = "com.apple.product-type.application";
		};
/* End PBXNativeTarget section */

/* Begin PBXProject section */
		961DA6A427F9AC4D00A47A10 /* Project object */ = {
			isa = PBXProject;
			attributes = {
				BuildIndependentTargetsInParallel = 1;
				LastSwiftUpdateCheck = 1320;
				LastUpgradeCheck = 1320;
				TargetAttributes = {
					961DA6AB27F9AC4D00A47A10 = {
						CreatedOnToolsVersion = 13.2.1;
					};
				};
			};
			buildConfigurationList = 961DA6A727F9AC4D00A47A10 /* Build configuration list for PBXProject "swiftuiplayground" */;
			compatibilityVersion = "Xcode 13.0";
			developmentRegion = en;
			hasScannedForEncodings = 0;
			knownRegions = (
				en,
				Base,
			);
			mainGroup = 961DA6A327F9AC4D00A47A10;
			productRefGroup = 961DA6AD27F9AC4D00A47A10 /* Products */;
			projectDirPath = "";
			projectRoot = "";
			targets = (
				961DA6AB27F9AC4D00A47A10 /* swiftuiplayground */,
			);
		};
/* End PBXProject section */

/* Begin PBXResourcesBuildPhase section */
		961DA6AA27F9AC4D00A47A10 /* Resources */ = {
			isa = PBXResourcesBuildPhase;
			buildActionMask = 2147483647;
			files = (
				961DA6B727F9AC4E00A47A10 /* Preview Assets.xcassets in Resources */,
				961DA6B427F9AC4E00A47A10 /* Assets.xcassets in Resources */,
			);
			runOnlyForDeploymentPostprocessing = 0;
		};
/* End PBXResourcesBuildPhase section */

/* Begin PBXSourcesBuildPhase section */
		961DA6A827F9AC4D00A47A10 /* Sources */ = {
			isa = PBXSourcesBuildPhase;
			buildActionMask = 2147483647;
			files = (
				961DA6BE27F9DF3000A47A10 /* TapCountView.swift in Sources */,
				9601B4C029472F5D00C555C6 /* ModalLauncher.swift in Sources */,
				9609C376294D967B00CA0E93 /* BindingView.swift in Sources */,
				962D3652295ABADE00162B0B /* SampleWithGrid.swift in Sources */,
				962D36502959E23200162B0B /* Model1.swift in Sources */,
				962D36ED2965664E00162B0B /* DeviceCheckView.swift in Sources */,
				9601B4CB2947A91400C555C6 /* ToolbarSampleView.swift in Sources */,
				9609C36D294A636800CA0E93 /* GridList.swift in Sources */,
				961DA6C527FA136500A47A10 /* ReadinTextWithTextField.swift in Sources */,
				9609C35E2948BA5500CA0E93 /* TabView2ndView.swift in Sources */,
				9601B4972944C7BD00C555C6 /* SizeClassesView.swift in Sources */,
				9601B4CE2947BE5F00C555C6 /* Toolbar2ndView.swift in Sources */,
				9609C36529494F1D00CA0E93 /* ListMainView.swift in Sources */,
				961DA6B227F9AC4D00A47A10 /* ContentView.swift in Sources */,
				9609C3622948BB3100CA0E93 /* TabView1stView.swift in Sources */,
				9609C373294D802B00CA0E93 /* StateSwiftUIView.swift in Sources */,
				962D364E2959E22100162B0B /* ObservedStateObjectView.swift in Sources */,
				9601B49D2945DE1200C555C6 /* ShowHideKeyboardView.swift in Sources */,
				962D3658295AC89400162B0B /* UserDefaultsSampleView.swift in Sources */,
				9609C36A294A503D00CA0E93 /* DetailsView.swift in Sources */,
				9601B4C229472F7000C555C6 /* ModalView.swift in Sources */,
				9609C35C2948B9D700CA0E93 /* TabViewMain.swift in Sources */,
				961DA6C027F9F87F00A47A10 /* TextFieldsView.swift in Sources */,
				9609C3602948BA9500CA0E93 /* TabView3rdView.swift in Sources */,
				9609C36829494F6500CA0E93 /* Model.swift in Sources */,
				961DA6C327F9FEDA00A47A10 /* PickerWithList.swift in Sources */,
				9601B4C92947957600C555C6 /* NavigationViewThird.swift in Sources */,
				9601B4C429478E1000C555C6 /* NavigationViewMain.swift in Sources */,
				9601B49B2945485500C555C6 /* CallAndMessageView.swift in Sources */,
				9601B4D02947C8C800C555C6 /* ToolBar3rdView.swift in Sources */,
				962D365B295BF2D300162B0B /* AlertSampleView.swift in Sources */,
				9601B4C7294791DB00C555C6 /* NavigationViewNext.swift in Sources */,
				961DA6B027F9AC4D00A47A10 /* swiftuiplaygroundApp.swift in Sources */,
				9601B49929453EA700C555C6 /* ModifierView.swift in Sources */,
				962D3655295ABC6500162B0B /* ModelColumns.swift in Sources */,
			);
			runOnlyForDeploymentPostprocessing = 0;
		};
/* End PBXSourcesBuildPhase section */

/* Begin XCBuildConfiguration section */
		961DA6B827F9AC4E00A47A10 /* Debug */ = {
			isa = XCBuildConfiguration;
			buildSettings = {
				ALWAYS_SEARCH_USER_PATHS = NO;
				CLANG_ANALYZER_NONNULL = YES;
				CLANG_ANALYZER_NUMBER_OBJECT_CONVERSION = YES_AGGRESSIVE;
				CLANG_CXX_LANGUAGE_STANDARD = "gnu++17";
				CLANG_CXX_LIBRARY = "libc++";
				CLANG_ENABLE_MODULES = YES;
				CLANG_ENABLE_OBJC_ARC = YES;
				CLANG_ENABLE_OBJC_WEAK = YES;
				CLANG_WARN_BLOCK_CAPTURE_AUTORELEASING = YES;
				CLANG_WARN_BOOL_CONVERSION = YES;
				CLANG_WARN_COMMA = YES;
				CLANG_WARN_CONSTANT_CONVERSION = YES;
				CLANG_WARN_DEPRECATED_OBJC_IMPLEMENTATIONS = YES;
				CLANG_WARN_DIRECT_OBJC_ISA_USAGE = YES_ERROR;
				CLANG_WARN_DOCUMENTATION_COMMENTS = YES;
				CLANG_WARN_EMPTY_BODY = YES;
				CLANG_WARN_ENUM_CONVERSION = YES;
				CLANG_WARN_INFINITE_RECURSION = YES;
				CLANG_WARN_INT_CONVERSION = YES;
				CLANG_WARN_NON_LITERAL_NULL_CONVERSION = YES;
				CLANG_WARN_OBJC_IMPLICIT_RETAIN_SELF = YES;
				CLANG_WARN_OBJC_LITERAL_CONVERSION = YES;
				CLANG_WARN_OBJC_ROOT_CLASS = YES_ERROR;
				CLANG_WARN_QUOTED_INCLUDE_IN_FRAMEWORK_HEADER = YES;
				CLANG_WARN_RANGE_LOOP_ANALYSIS = YES;
				CLANG_WARN_STRICT_PROTOTYPES = YES;
				CLANG_WARN_SUSPICIOUS_MOVE = YES;
				CLANG_WARN_UNGUARDED_AVAILABILITY = YES_AGGRESSIVE;
				CLANG_WARN_UNREACHABLE_CODE = YES;
				CLANG_WARN__DUPLICATE_METHOD_MATCH = YES;
				COPY_PHASE_STRIP = NO;
				DEBUG_INFORMATION_FORMAT = dwarf;
				ENABLE_STRICT_OBJC_MSGSEND = YES;
				ENABLE_TESTABILITY = YES;
				GCC_C_LANGUAGE_STANDARD = gnu11;
				GCC_DYNAMIC_NO_PIC = NO;
				GCC_NO_COMMON_BLOCKS = YES;
				GCC_OPTIMIZATION_LEVEL = 0;
				GCC_PREPROCESSOR_DEFINITIONS = (
					"DEBUG=1",
					"$(inherited)",
				);
				GCC_WARN_64_TO_32_BIT_CONVERSION = YES;
				GCC_WARN_ABOUT_RETURN_TYPE = YES_ERROR;
				GCC_WARN_UNDECLARED_SELECTOR = YES;
				GCC_WARN_UNINITIALIZED_AUTOS = YES_AGGRESSIVE;
				GCC_WARN_UNUSED_FUNCTION = YES;
				GCC_WARN_UNUSED_VARIABLE = YES;
				IPHONEOS_DEPLOYMENT_TARGET = 15.2;
				MTL_ENABLE_DEBUG_INFO = INCLUDE_SOURCE;
				MTL_FAST_MATH = YES;
				ONLY_ACTIVE_ARCH = YES;
				SDKROOT = iphoneos;
				SWIFT_ACTIVE_COMPILATION_CONDITIONS = DEBUG;
				SWIFT_OPTIMIZATION_LEVEL = "-Onone";
			};
			name = Debug;
		};
		961DA6B927F9AC4E00A47A10 /* Release */ = {
			isa = XCBuildConfiguration;
			buildSettings = {
				ALWAYS_SEARCH_USER_PATHS = NO;
				CLANG_ANALYZER_NONNULL = YES;
				CLANG_ANALYZER_NUMBER_OBJECT_CONVERSION = YES_AGGRESSIVE;
				CLANG_CXX_LANGUAGE_STANDARD = "gnu++17";
				CLANG_CXX_LIBRARY = "libc++";
				CLANG_ENABLE_MODULES = YES;
				CLANG_ENABLE_OBJC_ARC = YES;
				CLANG_ENABLE_OBJC_WEAK = YES;
				CLANG_WARN_BLOCK_CAPTURE_AUTORELEASING = YES;
				CLANG_WARN_BOOL_CONVERSION = YES;
				CLANG_WARN_COMMA = YES;
				CLANG_WARN_CONSTANT_CONVERSION = YES;
				CLANG_WARN_DEPRECATED_OBJC_IMPLEMENTATIONS = YES;
				CLANG_WARN_DIRECT_OBJC_ISA_USAGE = YES_ERROR;
				CLANG_WARN_DOCUMENTATION_COMMENTS = YES;
				CLANG_WARN_EMPTY_BODY = YES;
				CLANG_WARN_ENUM_CONVERSION = YES;
				CLANG_WARN_INFINITE_RECURSION = YES;
				CLANG_WARN_INT_CONVERSION = YES;
				CLANG_WARN_NON_LITERAL_NULL_CONVERSION = YES;
				CLANG_WARN_OBJC_IMPLICIT_RETAIN_SELF = YES;
				CLANG_WARN_OBJC_LITERAL_CONVERSION = YES;
				CLANG_WARN_OBJC_ROOT_CLASS = YES_ERROR;
				CLANG_WARN_QUOTED_INCLUDE_IN_FRAMEWORK_HEADER = YES;
				CLANG_WARN_RANGE_LOOP_ANALYSIS = YES;
				CLANG_WARN_STRICT_PROTOTYPES = YES;
				CLANG_WARN_SUSPICIOUS_MOVE = YES;
				CLANG_WARN_UNGUARDED_AVAILABILITY = YES_AGGRESSIVE;
				CLANG_WARN_UNREACHABLE_CODE = YES;
				CLANG_WARN__DUPLICATE_METHOD_MATCH = YES;
				COPY_PHASE_STRIP = NO;
				DEBUG_INFORMATION_FORMAT = "dwarf-with-dsym";
				ENABLE_NS_ASSERTIONS = NO;
				ENABLE_STRICT_OBJC_MSGSEND = YES;
				GCC_C_LANGUAGE_STANDARD = gnu11;
				GCC_NO_COMMON_BLOCKS = YES;
				GCC_WARN_64_TO_32_BIT_CONVERSION = YES;
				GCC_WARN_ABOUT_RETURN_TYPE = YES_ERROR;
				GCC_WARN_UNDECLARED_SELECTOR = YES;
				GCC_WARN_UNINITIALIZED_AUTOS = YES_AGGRESSIVE;
				GCC_WARN_UNUSED_FUNCTION = YES;
				GCC_WARN_UNUSED_VARIABLE = YES;
				IPHONEOS_DEPLOYMENT_TARGET = 15.2;
				MTL_ENABLE_DEBUG_INFO = NO;
				MTL_FAST_MATH = YES;
				SDKROOT = iphoneos;
				SWIFT_COMPILATION_MODE = wholemodule;
				SWIFT_OPTIMIZATION_LEVEL = "-O";
				VALIDATE_PRODUCT = YES;
			};
			name = Release;
		};
		961DA6BB27F9AC4E00A47A10 /* Debug */ = {
			isa = XCBuildConfiguration;
			buildSettings = {
				ASSETCATALOG_COMPILER_APPICON_NAME = AppIcon;
				ASSETCATALOG_COMPILER_GLOBAL_ACCENT_COLOR_NAME = AccentColor;
				CODE_SIGN_STYLE = Automatic;
				CURRENT_PROJECT_VERSION = 1;
				DEVELOPMENT_ASSET_PATHS = "\"swiftuiplayground/Preview Content\"";
				DEVELOPMENT_TEAM = SKTD6TJLJA;
				ENABLE_PREVIEWS = YES;
				GENERATE_INFOPLIST_FILE = YES;
				INFOPLIST_KEY_UIApplicationSceneManifest_Generation = YES;
				INFOPLIST_KEY_UIApplicationSupportsIndirectInputEvents = YES;
				INFOPLIST_KEY_UILaunchScreen_Generation = YES;
				INFOPLIST_KEY_UISupportedInterfaceOrientations_iPad = "UIInterfaceOrientationPortrait UIInterfaceOrientationPortraitUpsideDown UIInterfaceOrientationLandscapeLeft UIInterfaceOrientationLandscapeRight";
				INFOPLIST_KEY_UISupportedInterfaceOrientations_iPhone = "UIInterfaceOrientationPortrait UIInterfaceOrientationLandscapeLeft UIInterfaceOrientationLandscapeRight";
				LD_RUNPATH_SEARCH_PATHS = (
					"$(inherited)",
					"@executable_path/Frameworks",
				);
				MARKETING_VERSION = 1.0;
				PRODUCT_BUNDLE_IDENTIFIER = com.slothius.swiftuisample.swiftuiplayground;
				PRODUCT_NAME = "$(TARGET_NAME)";
				SWIFT_EMIT_LOC_STRINGS = YES;
				SWIFT_VERSION = 5.0;
				TARGETED_DEVICE_FAMILY = "1,2";
			};
			name = Debug;
		};
		961DA6BC27F9AC4E00A47A10 /* Release */ = {
			isa = XCBuildConfiguration;
			buildSettings = {
				ASSETCATALOG_COMPILER_APPICON_NAME = AppIcon;
				ASSETCATALOG_COMPILER_GLOBAL_ACCENT_COLOR_NAME = AccentColor;
				CODE_SIGN_STYLE = Automatic;
				CURRENT_PROJECT_VERSION = 1;
				DEVELOPMENT_ASSET_PATHS = "\"swiftuiplayground/Preview Content\"";
				DEVELOPMENT_TEAM = SKTD6TJLJA;
				ENABLE_PREVIEWS = YES;
				GENERATE_INFOPLIST_FILE = YES;
				INFOPLIST_KEY_UIApplicationSceneManifest_Generation = YES;
				INFOPLIST_KEY_UIApplicationSupportsIndirectInputEvents = YES;
				INFOPLIST_KEY_UILaunchScreen_Generation = YES;
				INFOPLIST_KEY_UISupportedInterfaceOrientations_iPad = "UIInterfaceOrientationPortrait UIInterfaceOrientationPortraitUpsideDown UIInterfaceOrientationLandscapeLeft UIInterfaceOrientationLandscapeRight";
				INFOPLIST_KEY_UISupportedInterfaceOrientations_iPhone = "UIInterfaceOrientationPortrait UIInterfaceOrientationLandscapeLeft UIInterfaceOrientationLandscapeRight";
				LD_RUNPATH_SEARCH_PATHS = (
					"$(inherited)",
					"@executable_path/Frameworks",
				);
				MARKETING_VERSION = 1.0;
				PRODUCT_BUNDLE_IDENTIFIER = com.slothius.swiftuisample.swiftuiplayground;
				PRODUCT_NAME = "$(TARGET_NAME)";
				SWIFT_EMIT_LOC_STRINGS = YES;
				SWIFT_VERSION = 5.0;
				TARGETED_DEVICE_FAMILY = "1,2";
			};
			name = Release;
		};
/* End XCBuildConfiguration section */

/* Begin XCConfigurationList section */
		961DA6A727F9AC4D00A47A10 /* Build configuration list for PBXProject "swiftuiplayground" */ = {
			isa = XCConfigurationList;
			buildConfigurations = (
				961DA6B827F9AC4E00A47A10 /* Debug */,
				961DA6B927F9AC4E00A47A10 /* Release */,
			);
			defaultConfigurationIsVisible = 0;
			defaultConfigurationName = Release;
		};
		961DA6BA27F9AC4E00A47A10 /* Build configuration list for PBXNativeTarget "swiftuiplayground" */ = {
			isa = XCConfigurationList;
			buildConfigurations = (
				961DA6BB27F9AC4E00A47A10 /* Debug */,
				961DA6BC27F9AC4E00A47A10 /* Release */,
			);
			defaultConfigurationIsVisible = 0;
			defaultConfigurationName = Release;
		};
/* End XCConfigurationList section */
	};
	rootObject = 961DA6A427F9AC4D00A47A10 /* Project object */;
}
